Microsoft Visual Studio Solution File, Format Version 12.00
# Visual Studio Version 17
VisualStudioVersion = 17.5.2.0
MinimumVisualStudioVersion = 10.0.40219.1
Project("{FAE04EC0-301F-11D3-BF4B-00C04F79EFBC}") = "easysave", "easysave.csproj", "{8D02ECEF-D0A3-FCC1-6C96-D4952AFC1DE8}"
EndProject
Global
	GlobalSection(SolutionConfigurationPlatforms) = preSolution
		Debug|Any CPU = Debug|Any CPU
		Release|Any CPU = Release|Any CPU
	EndGlobalSection
	GlobalSection(ProjectConfigurationPlatforms) = postSolution
		{8D02ECEF-D0A3-FCC1-6C96-D4952AFC1DE8}.Debug|Any CPU.ActiveCfg = Debug|Any CPU
		{8D02ECEF-D0A3-FCC1-6C96-D4952AFC1DE8}.Debug|Any CPU.Build.0 = Debug|Any CPU
		{8D02ECEF-D0A3-FCC1-6C96-D4952AFC1DE8}.Release|Any CPU.ActiveCfg = Release|Any CPU
		{8D02ECEF-D0A3-FCC1-6C96-D4952AFC1DE8}.Release|Any CPU.Build.0 = Release|Any CPU
	EndGlobalSection
	GlobalSection(SolutionProperties) = preSolution
		HideSolutionNode = FALSE
	EndGlobalSection
	GlobalSection(ExtensibilityGlobals) = postSolution
		SolutionGuid = {EDBC8E95-F3AB-4426-83F1-188984A7564F}
	EndGlobalSection
EndGlobal
